
Microsoft Visual Studio Solution File, Format Version 12.00
# Visual Studio Version 17
VisualStudioVersion = 17.9.34607.119
MinimumVisualStudioVersion = 10.0.40219.1
Project("{FAE04EC0-301F-11D3-BF4B-00C04F79EFBC}") = "WPF_MVVM_Template", "WPF_MVVM_Template.csproj", "{DF150CE6-EF05-4DFF-BD58-2FF30E0D08B7}"
EndProject
Project("{9A19103F-16F7-4668-BE54-9A1E7A4F7556}") = "MVVM_Training_4", "..\MVVM_Training_4\MVVM_Training_4.csproj", "{83EE93E1-B94E-4723-98A2-9A419833BB44}"
EndProject
Global
	GlobalSection(SolutionConfigurationPlatforms) = preSolution
		Debug|Any CPU = Debug|Any CPU
		Release|Any CPU = Release|Any CPU
	EndGlobalSection
	GlobalSection(ProjectConfigurationPlatforms) = postSolution
		{DF150CE6-EF05-4DFF-BD58-2FF30E0D08B7}.Debug|Any CPU.ActiveCfg = Debug|Any CPU
		{DF150CE6-EF05-4DFF-BD58-2FF30E0D08B7}.Debug|Any CPU.Build.0 = Debug|Any CPU
		{DF150CE6-EF05-4DFF-BD58-2FF30E0D08B7}.Release|Any CPU.ActiveCfg = Release|Any CPU
		{DF150CE6-EF05-4DFF-BD58-2FF30E0D08B7}.Release|Any CPU.Build.0 = Release|Any CPU
		{83EE93E1-B94E-4723-98A2-9A419833BB44}.Debug|Any CPU.ActiveCfg = Debug|Any CPU
		{83EE93E1-B94E-4723-98A2-9A419833BB44}.Debug|Any CPU.Build.0 = Debug|Any CPU
		{83EE93E1-B94E-4723-98A2-9A419833BB44}.Release|Any CPU.ActiveCfg = Release|Any CPU
		{83EE93E1-B94E-4723-98A2-9A419833BB44}.Release|Any CPU.Build.0 = Release|Any CPU
	EndGlobalSection
	GlobalSection(SolutionProperties) = preSolution
		HideSolutionNode = FALSE
	EndGlobalSection
	GlobalSection(ExtensibilityGlobals) = postSolution
		SolutionGuid = {936D0136-F273-4ED5-A605-C0A2D4279F39}
	EndGlobalSection
EndGlobal
