
Microsoft Visual Studio Solution File, Format Version 12.00
# Visual Studio Version 17
VisualStudioVersion = 17.9.34607.119
MinimumVisualStudioVersion = 10.0.40219.1
Project("{FAE04EC0-301F-11D3-BF4B-00C04F79EFBC}") = "Dashboard", "Dashboard.csproj", "{5056E80E-9183-4CA8-A761-43157443FA5B}"
EndProject
Global
	GlobalSection(SolutionConfigurationPlatforms) = preSolution
		Debug|Any CPU = Debug|Any CPU
		Release|Any CPU = Release|Any CPU
	EndGlobalSection
	GlobalSection(ProjectConfigurationPlatforms) = postSolution
		{5056E80E-9183-4CA8-A761-43157443FA5B}.Debug|Any CPU.ActiveCfg = Debug|Any CPU
		{5056E80E-9183-4CA8-A761-43157443FA5B}.Debug|Any CPU.Build.0 = Debug|Any CPU
		{5056E80E-9183-4CA8-A761-43157443FA5B}.Release|Any CPU.ActiveCfg = Release|Any CPU
		{5056E80E-9183-4CA8-A761-43157443FA5B}.Release|Any CPU.Build.0 = Release|Any CPU
	EndGlobalSection
	GlobalSection(SolutionProperties) = preSolution
		HideSolutionNode = FALSE
	EndGlobalSection
	GlobalSection(ExtensibilityGlobals) = postSolution
		SolutionGuid = {0EAE6948-AA68-4688-9F78-A769DFE94048}
	EndGlobalSection
EndGlobal
