
Microsoft Visual Studio Solution File, Format Version 12.00
# Visual Studio Version 17
VisualStudioVersion = 17.10.34928.147
MinimumVisualStudioVersion = 10.0.40219.1
Project("{FAE04EC0-301F-11D3-BF4B-00C04F79EFBC}") = "Training_XML_SerializationDeserialization", "Training_XML_SerializationDeserialization.csproj", "{294260B0-4C77-4E1F-8FE9-59D1A36CAA49}"
EndProject
Global
	GlobalSection(SolutionConfigurationPlatforms) = preSolution
		Debug|Any CPU = Debug|Any CPU
		Release|Any CPU = Release|Any CPU
	EndGlobalSection
	GlobalSection(ProjectConfigurationPlatforms) = postSolution
		{294260B0-4C77-4E1F-8FE9-59D1A36CAA49}.Debug|Any CPU.ActiveCfg = Debug|Any CPU
		{294260B0-4C77-4E1F-8FE9-59D1A36CAA49}.Debug|Any CPU.Build.0 = Debug|Any CPU
		{294260B0-4C77-4E1F-8FE9-59D1A36CAA49}.Release|Any CPU.ActiveCfg = Release|Any CPU
		{294260B0-4C77-4E1F-8FE9-59D1A36CAA49}.Release|Any CPU.Build.0 = Release|Any CPU
	EndGlobalSection
	GlobalSection(SolutionProperties) = preSolution
		HideSolutionNode = FALSE
	EndGlobalSection
	GlobalSection(ExtensibilityGlobals) = postSolution
		SolutionGuid = {8D06508D-91BA-4712-B3CC-4F664C304FA8}
	EndGlobalSection
EndGlobal
