
Microsoft Visual Studio Solution File, Format Version 12.00
# Visual Studio Version 17
VisualStudioVersion = 17.12.35527.113 d17.12
MinimumVisualStudioVersion = 10.0.40219.1
Project("{FAE04EC0-301F-11D3-BF4B-00C04F79EFBC}") = "DelegateTraining_ClubMemberShipApplication", "DelegateTraining_ClubMemberShipApplication\DelegateTraining_ClubMemberShipApplication.csproj", "{9461CE32-1F9F-45BA-B09D-CBDA1015F1A1}"
EndProject
Project("{FAE04EC0-301F-11D3-BF4B-00C04F79EFBC}") = "FieldValidatorAPI", "FieldValidatorAPI\FieldValidatorAPI.csproj", "{96C887FC-9167-4D4E-873E-AC4A7EFB18D8}"
EndProject
Global
	GlobalSection(SolutionConfigurationPlatforms) = preSolution
		Debug|Any CPU = Debug|Any CPU
		Release|Any CPU = Release|Any CPU
	EndGlobalSection
	GlobalSection(ProjectConfigurationPlatforms) = postSolution
		{9461CE32-1F9F-45BA-B09D-CBDA1015F1A1}.Debug|Any CPU.ActiveCfg = Debug|Any CPU
		{9461CE32-1F9F-45BA-B09D-CBDA1015F1A1}.Debug|Any CPU.Build.0 = Debug|Any CPU
		{9461CE32-1F9F-45BA-B09D-CBDA1015F1A1}.Release|Any CPU.ActiveCfg = Release|Any CPU
		{9461CE32-1F9F-45BA-B09D-CBDA1015F1A1}.Release|Any CPU.Build.0 = Release|Any CPU
		{96C887FC-9167-4D4E-873E-AC4A7EFB18D8}.Debug|Any CPU.ActiveCfg = Debug|Any CPU
		{96C887FC-9167-4D4E-873E-AC4A7EFB18D8}.Debug|Any CPU.Build.0 = Debug|Any CPU
		{96C887FC-9167-4D4E-873E-AC4A7EFB18D8}.Release|Any CPU.ActiveCfg = Release|Any CPU
		{96C887FC-9167-4D4E-873E-AC4A7EFB18D8}.Release|Any CPU.Build.0 = Release|Any CPU
	EndGlobalSection
	GlobalSection(SolutionProperties) = preSolution
		HideSolutionNode = FALSE
	EndGlobalSection
EndGlobal
