
Microsoft Visual Studio Solution File, Format Version 12.00
# Visual Studio Version 17
VisualStudioVersion = 17.9.34607.119
MinimumVisualStudioVersion = 10.0.40219.1
Project("{9A19103F-16F7-4668-BE54-9A1E7A4F7556}") = "WPF_MVVM_Training8", "WPF_MVVM_Training8.csproj", "{0EA5006C-462F-4D56-8469-D46D6D9E52E6}"
EndProject
Project("{FAE04EC0-301F-11D3-BF4B-00C04F79EFBC}") = "NavigationDrawerControl", "..\NavigationDrawerControl\NavigationDrawerControl.csproj", "{06B042F4-550E-4355-8EBD-8AC4CEE93FDC}"
EndProject
Project("{FAE04EC0-301F-11D3-BF4B-00C04F79EFBC}") = "DropdownMenuControl", "..\DropdownMenuControl\DropdownMenuControl.csproj", "{228C7265-09CE-45BF-9718-CF8137F8BCCB}"
EndProject
Global
	GlobalSection(SolutionConfigurationPlatforms) = preSolution
		Debug|Any CPU = Debug|Any CPU
		Release|Any CPU = Release|Any CPU
	EndGlobalSection
	GlobalSection(ProjectConfigurationPlatforms) = postSolution
		{0EA5006C-462F-4D56-8469-D46D6D9E52E6}.Debug|Any CPU.ActiveCfg = Debug|Any CPU
		{0EA5006C-462F-4D56-8469-D46D6D9E52E6}.Debug|Any CPU.Build.0 = Debug|Any CPU
		{0EA5006C-462F-4D56-8469-D46D6D9E52E6}.Release|Any CPU.ActiveCfg = Release|Any CPU
		{0EA5006C-462F-4D56-8469-D46D6D9E52E6}.Release|Any CPU.Build.0 = Release|Any CPU
		{06B042F4-550E-4355-8EBD-8AC4CEE93FDC}.Debug|Any CPU.ActiveCfg = Debug|Any CPU
		{06B042F4-550E-4355-8EBD-8AC4CEE93FDC}.Debug|Any CPU.Build.0 = Debug|Any CPU
		{06B042F4-550E-4355-8EBD-8AC4CEE93FDC}.Release|Any CPU.ActiveCfg = Release|Any CPU
		{06B042F4-550E-4355-8EBD-8AC4CEE93FDC}.Release|Any CPU.Build.0 = Release|Any CPU
		{228C7265-09CE-45BF-9718-CF8137F8BCCB}.Debug|Any CPU.ActiveCfg = Debug|Any CPU
		{228C7265-09CE-45BF-9718-CF8137F8BCCB}.Debug|Any CPU.Build.0 = Debug|Any CPU
		{228C7265-09CE-45BF-9718-CF8137F8BCCB}.Release|Any CPU.ActiveCfg = Release|Any CPU
		{228C7265-09CE-45BF-9718-CF8137F8BCCB}.Release|Any CPU.Build.0 = Release|Any CPU
	EndGlobalSection
	GlobalSection(SolutionProperties) = preSolution
		HideSolutionNode = FALSE
	EndGlobalSection
	GlobalSection(ExtensibilityGlobals) = postSolution
		SolutionGuid = {A1868139-3347-48F1-94DA-BE9F2026B9CB}
	EndGlobalSection
EndGlobal
