
Microsoft Visual Studio Solution File, Format Version 12.00
# Visual Studio Version 17
VisualStudioVersion = 17.12.35527.113 d17.12
MinimumVisualStudioVersion = 10.0.40219.1
Project("{FAE04EC0-301F-11D3-BF4B-00C04F79EFBC}") = "SchoolHRAdministration", "SchoolHRAdministration\SchoolHRAdministration.csproj", "{FE79FE70-689A-4997-A75B-E765B6F3A0FC}"
EndProject
Project("{FAE04EC0-301F-11D3-BF4B-00C04F79EFBC}") = "HRAdministrationAPI", "HRAdministrationAPI\HRAdministrationAPI.csproj", "{CBFF4A5D-FAF1-45E2-A4E9-B9FFD7425E76}"
EndProject
Global
	GlobalSection(SolutionConfigurationPlatforms) = preSolution
		Debug|Any CPU = Debug|Any CPU
		Release|Any CPU = Release|Any CPU
	EndGlobalSection
	GlobalSection(ProjectConfigurationPlatforms) = postSolution
		{FE79FE70-689A-4997-A75B-E765B6F3A0FC}.Debug|Any CPU.ActiveCfg = Debug|Any CPU
		{FE79FE70-689A-4997-A75B-E765B6F3A0FC}.Debug|Any CPU.Build.0 = Debug|Any CPU
		{FE79FE70-689A-4997-A75B-E765B6F3A0FC}.Release|Any CPU.ActiveCfg = Release|Any CPU
		{FE79FE70-689A-4997-A75B-E765B6F3A0FC}.Release|Any CPU.Build.0 = Release|Any CPU
		{CBFF4A5D-FAF1-45E2-A4E9-B9FFD7425E76}.Debug|Any CPU.ActiveCfg = Debug|Any CPU
		{CBFF4A5D-FAF1-45E2-A4E9-B9FFD7425E76}.Debug|Any CPU.Build.0 = Debug|Any CPU
		{CBFF4A5D-FAF1-45E2-A4E9-B9FFD7425E76}.Release|Any CPU.ActiveCfg = Release|Any CPU
		{CBFF4A5D-FAF1-45E2-A4E9-B9FFD7425E76}.Release|Any CPU.Build.0 = Release|Any CPU
	EndGlobalSection
	GlobalSection(SolutionProperties) = preSolution
		HideSolutionNode = FALSE
	EndGlobalSection
EndGlobal
