
Microsoft Visual Studio Solution File, Format Version 12.00
# Visual Studio Version 17
VisualStudioVersion = 17.12.35527.113
MinimumVisualStudioVersion = 10.0.40219.1
Project("{FAE04EC0-301F-11D3-BF4B-00C04F79EFBC}") = "WPF_MVVM_Training", "WPF_MVVM_Training\WPF_MVVM_Training.csproj", "{58ECDD3F-6AFC-44FB-AED8-C906703571FA}"
EndProject
Project("{FAE04EC0-301F-11D3-BF4B-00C04F79EFBC}") = "WPFBasics", "WPFBasics\WPFBasics.csproj", "{82CEBC0E-64BA-4C92-844D-38D97D4614B6}"
EndProject
Global
	GlobalSection(SolutionConfigurationPlatforms) = preSolution
		Debug|Any CPU = Debug|Any CPU
		Release|Any CPU = Release|Any CPU
	EndGlobalSection
	GlobalSection(ProjectConfigurationPlatforms) = postSolution
		{58ECDD3F-6AFC-44FB-AED8-C906703571FA}.Debug|Any CPU.ActiveCfg = Debug|Any CPU
		{58ECDD3F-6AFC-44FB-AED8-C906703571FA}.Debug|Any CPU.Build.0 = Debug|Any CPU
		{58ECDD3F-6AFC-44FB-AED8-C906703571FA}.Release|Any CPU.ActiveCfg = Release|Any CPU
		{58ECDD3F-6AFC-44FB-AED8-C906703571FA}.Release|Any CPU.Build.0 = Release|Any CPU
		{82CEBC0E-64BA-4C92-844D-38D97D4614B6}.Debug|Any CPU.ActiveCfg = Debug|Any CPU
		{82CEBC0E-64BA-4C92-844D-38D97D4614B6}.Debug|Any CPU.Build.0 = Debug|Any CPU
		{82CEBC0E-64BA-4C92-844D-38D97D4614B6}.Release|Any CPU.ActiveCfg = Release|Any CPU
		{82CEBC0E-64BA-4C92-844D-38D97D4614B6}.Release|Any CPU.Build.0 = Release|Any CPU
	EndGlobalSection
	GlobalSection(SolutionProperties) = preSolution
		HideSolutionNode = FALSE
	EndGlobalSection
EndGlobal
