
Microsoft Visual Studio Solution File, Format Version 12.00
# Visual Studio Version 17
VisualStudioVersion = 17.4.33213.308
MinimumVisualStudioVersion = 10.0.40219.1
Project("{FAE04EC0-301F-11D3-BF4B-00C04F79EFBC}") = "MyNote", "MyNote\MyNote.csproj", "{A69F75AB-D447-44D9-A3DA-4065CD9DD541}"
EndProject
Global
	GlobalSection(SolutionConfigurationPlatforms) = preSolution
		Debug|Any CPU = Debug|Any CPU
		Release|Any CPU = Release|Any CPU
	EndGlobalSection
	GlobalSection(ProjectConfigurationPlatforms) = postSolution
		{A69F75AB-D447-44D9-A3DA-4065CD9DD541}.Debug|Any CPU.ActiveCfg = Debug|Any CPU
		{A69F75AB-D447-44D9-A3DA-4065CD9DD541}.Debug|Any CPU.Build.0 = Debug|Any CPU
		{A69F75AB-D447-44D9-A3DA-4065CD9DD541}.Release|Any CPU.ActiveCfg = Release|Any CPU
		{A69F75AB-D447-44D9-A3DA-4065CD9DD541}.Release|Any CPU.Build.0 = Release|Any CPU
	EndGlobalSection
	GlobalSection(SolutionProperties) = preSolution
		HideSolutionNode = FALSE
	EndGlobalSection
	GlobalSection(ExtensibilityGlobals) = postSolution
		SolutionGuid = {95826036-708C-4095-8056-16E6267FB854}
	EndGlobalSection
EndGlobal
