
Microsoft Visual Studio Solution File, Format Version 12.00
# Visual Studio Version 17
VisualStudioVersion = 17.9.34607.119
MinimumVisualStudioVersion = 10.0.40219.1
Project("{9A19103F-16F7-4668-BE54-9A1E7A4F7556}") = "WPF_MVVM_Training9", "WPF_MVVM_Training9.csproj", "{B9E1FD24-0F2B-41A8-AAF1-9AA02FE50C88}"
EndProject
Global
	GlobalSection(SolutionConfigurationPlatforms) = preSolution
		Debug|Any CPU = Debug|Any CPU
		Release|Any CPU = Release|Any CPU
	EndGlobalSection
	GlobalSection(ProjectConfigurationPlatforms) = postSolution
		{B9E1FD24-0F2B-41A8-AAF1-9AA02FE50C88}.Debug|Any CPU.ActiveCfg = Debug|Any CPU
		{B9E1FD24-0F2B-41A8-AAF1-9AA02FE50C88}.Debug|Any CPU.Build.0 = Debug|Any CPU
		{B9E1FD24-0F2B-41A8-AAF1-9AA02FE50C88}.Release|Any CPU.ActiveCfg = Release|Any CPU
		{B9E1FD24-0F2B-41A8-AAF1-9AA02FE50C88}.Release|Any CPU.Build.0 = Release|Any CPU
	EndGlobalSection
	GlobalSection(SolutionProperties) = preSolution
		HideSolutionNode = FALSE
	EndGlobalSection
	GlobalSection(ExtensibilityGlobals) = postSolution
		SolutionGuid = {B4ECBB96-9012-40E7-967A-38641380A703}
	EndGlobalSection
EndGlobal
