
Microsoft Visual Studio Solution File, Format Version 12.00
# Visual Studio Version 16
VisualStudioVersion = 16.0.31613.86
MinimumVisualStudioVersion = 10.0.40219.1
Project("{FAE04EC0-301F-11D3-BF4B-00C04F79EFBC}") = "ColorPickerTool", "ColorPickerTool.csproj", "{9FBCC3CE-5E64-4DE1-AF85-E28DC1303126}"
EndProject
Global
	GlobalSection(SolutionConfigurationPlatforms) = preSolution
		Debug|Any CPU = Debug|Any CPU
		Release|Any CPU = Release|Any CPU
	EndGlobalSection
	GlobalSection(ProjectConfigurationPlatforms) = postSolution
		{9FBCC3CE-5E64-4DE1-AF85-E28DC1303126}.Debug|Any CPU.ActiveCfg = Debug|Any CPU
		{9FBCC3CE-5E64-4DE1-AF85-E28DC1303126}.Debug|Any CPU.Build.0 = Debug|Any CPU
		{9FBCC3CE-5E64-4DE1-AF85-E28DC1303126}.Release|Any CPU.ActiveCfg = Release|Any CPU
		{9FBCC3CE-5E64-4DE1-AF85-E28DC1303126}.Release|Any CPU.Build.0 = Release|Any CPU
	EndGlobalSection
	GlobalSection(SolutionProperties) = preSolution
		HideSolutionNode = FALSE
	EndGlobalSection
	GlobalSection(ExtensibilityGlobals) = postSolution
		SolutionGuid = {5E795CE0-73DC-4E0C-9E48-97AF1AFCA2B3}
	EndGlobalSection
EndGlobal
