
Microsoft Visual Studio Solution File, Format Version 12.00
# Visual Studio Version 17
VisualStudioVersion = 17.9.34607.119
MinimumVisualStudioVersion = 10.0.40219.1
Project("{FAE04EC0-301F-11D3-BF4B-00C04F79EFBC}") = "WPF_MVVM_SimplePageNavigation", "WPF_MVVM_SimplePageNavigation.csproj", "{3D4B3132-E4BF-4DC2-9CC9-DDE0A38A8434}"
EndProject
Global
	GlobalSection(SolutionConfigurationPlatforms) = preSolution
		Debug|Any CPU = Debug|Any CPU
		Release|Any CPU = Release|Any CPU
	EndGlobalSection
	GlobalSection(ProjectConfigurationPlatforms) = postSolution
		{3D4B3132-E4BF-4DC2-9CC9-DDE0A38A8434}.Debug|Any CPU.ActiveCfg = Debug|Any CPU
		{3D4B3132-E4BF-4DC2-9CC9-DDE0A38A8434}.Debug|Any CPU.Build.0 = Debug|Any CPU
		{3D4B3132-E4BF-4DC2-9CC9-DDE0A38A8434}.Release|Any CPU.ActiveCfg = Release|Any CPU
		{3D4B3132-E4BF-4DC2-9CC9-DDE0A38A8434}.Release|Any CPU.Build.0 = Release|Any CPU
	EndGlobalSection
	GlobalSection(SolutionProperties) = preSolution
		HideSolutionNode = FALSE
	EndGlobalSection
	GlobalSection(ExtensibilityGlobals) = postSolution
		SolutionGuid = {438F4133-76B0-4341-81EE-5DA892066E2F}
	EndGlobalSection
EndGlobal
